
Microsoft Visual Studio Solution File, Format Version 12.00
# Visual Studio Version 16
VisualStudioVersion = 16.0.31105.61
MinimumVisualStudioVersion = 10.0.40219.1
Project("{FAE04EC0-301F-11D3-BF4B-00C04F79EFBC}") = "Wpf_Videogioco", "Wpf_Videogioco\Wpf_Videogioco.csproj", "{DE94CBB2-2359-4589-B27D-74474907E5D4}"
EndProject
Project("{FAE04EC0-301F-11D3-BF4B-00C04F79EFBC}") = "LibraryVideogioco", "LibraryVideogioco\LibraryVideogioco.csproj", "{2BE0CCC4-862A-4637-A9BD-3676D4E5EC9F}"
EndProject
Global
	GlobalSection(SolutionConfigurationPlatforms) = preSolution
		Debug|Any CPU = Debug|Any CPU
		Release|Any CPU = Release|Any CPU
	EndGlobalSection
	GlobalSection(ProjectConfigurationPlatforms) = postSolution
		{DE94CBB2-2359-4589-B27D-74474907E5D4}.Debug|Any CPU.ActiveCfg = Debug|Any CPU
		{DE94CBB2-2359-4589-B27D-74474907E5D4}.Debug|Any CPU.Build.0 = Debug|Any CPU
		{DE94CBB2-2359-4589-B27D-74474907E5D4}.Release|Any CPU.ActiveCfg = Release|Any CPU
		{DE94CBB2-2359-4589-B27D-74474907E5D4}.Release|Any CPU.Build.0 = Release|Any CPU
		{2BE0CCC4-862A-4637-A9BD-3676D4E5EC9F}.Debug|Any CPU.ActiveCfg = Debug|Any CPU
		{2BE0CCC4-862A-4637-A9BD-3676D4E5EC9F}.Debug|Any CPU.Build.0 = Debug|Any CPU
		{2BE0CCC4-862A-4637-A9BD-3676D4E5EC9F}.Release|Any CPU.ActiveCfg = Release|Any CPU
		{2BE0CCC4-862A-4637-A9BD-3676D4E5EC9F}.Release|Any CPU.Build.0 = Release|Any CPU
	EndGlobalSection
	GlobalSection(SolutionProperties) = preSolution
		HideSolutionNode = FALSE
	EndGlobalSection
	GlobalSection(ExtensibilityGlobals) = postSolution
		SolutionGuid = {C2EC2F04-46D7-442F-87D6-C2480274A016}
	EndGlobalSection
EndGlobal
